# This file is automatically @generated by Cargo.
# It is not intended for manual editing.
version = 3

[[package]]
name = "autocfg"
version = "1.1.0"
source = "registry+https://github.com/rust-lang/crates.io-index"
checksum = "d468802bab17cbc0cc575e9b053f41e72aa36bfa6b7f55e3529ffa43161b97fa"

[[package]]
name = "cfg-if"
version = "1.0.0"
source = "registry+https://github.com/rust-lang/crates.io-index"
checksum = "baf1de4339761588bc0619e3cbc0120ee582ebb74b53b4efbf79117bd2da40fd"

[[package]]
name = "crossbeam"
version = "0.8.1"
source = "registry+https://github.com/rust-lang/crates.io-index"
checksum = "4ae5588f6b3c3cb05239e90bd110f257254aecd01e4635400391aeae07497845"
dependencies = [
 "cfg-if",
 "crossbeam-channel",
 "crossbeam-deque",
 "crossbeam-epoch",
 "crossbeam-queue",
 "crossbeam-utils",
]

[[package]]
name = "crossbeam-channel"
version = "0.5.5"
source = "registry+https://github.com/rust-lang/crates.io-index"
checksum = "4c02a4d71819009c192cf4872265391563fd6a84c81ff2c0f2a7026ca4c1d85c"
dependencies = [
 "cfg-if",
 "crossbeam-utils",
]

[[package]]
name = "crossbeam-deque"
version = "0.8.1"
source = "registry+https://github.com/rust-lang/crates.io-index"
checksum = "6455c0ca19f0d2fbf751b908d5c55c1f5cbc65e03c4225427254b46890bdde1e"
dependencies = [
 "cfg-if",
 "crossbeam-epoch",
 "crossbeam-utils",
]

[[package]]
name = "crossbeam-epoch"
version = "0.9.9"
source = "registry+https://github.com/rust-lang/crates.io-index"
checksum = "07db9d94cbd326813772c968ccd25999e5f8ae22f4f8d1b11effa37ef6ce281d"
dependencies = [
 "autocfg",
 "cfg-if",
 "crossbeam-utils",
 "memoffset",
 "once_cell",
 "scopeguard",
]

[[package]]
name = "crossbeam-queue"
version = "0.3.5"
source = "registry+https://github.com/rust-lang/crates.io-index"
checksum = "1f25d8400f4a7a5778f0e4e52384a48cbd9b5c495d110786187fc750075277a2"
dependencies = [
 "cfg-if",
 "crossbeam-utils",
]

[[package]]
name = "crossbeam-utils"
version = "0.8.9"
source = "registry+https://github.com/rust-lang/crates.io-index"
checksum = "8ff1f980957787286a554052d03c7aee98d99cc32e09f6d45f0a814133c87978"
dependencies = [
 "cfg-if",
 "once_cell",
]

[[package]]
name = "memoffset"
version = "0.6.5"
source = "registry+https://github.com/rust-lang/crates.io-index"
checksum = "5aa361d4faea93603064a027415f07bd8e1d5c88c9fbf68bf56a285428fd79ce"
dependencies = [
 "autocfg",
]

[[package]]
name = "once_cell"
version = "1.12.0"
source = "registry+https://github.com/rust-lang/crates.io-index"
checksum = "7709cef83f0c1f58f666e746a08b21e0085f7440fa6a29cc194d68aac97a4225"

[[package]]
name = "rust_polyglot"
version = "0.1.0"
dependencies = [
 "crossbeam",
 "crossbeam-channel",
]

[[package]]
name = "scopeguard"
version = "1.1.0"
source = "registry+https://github.com/rust-lang/crates.io-index"
checksum = "d29ab0c6d3fc0ee92fe66e2d99f700eab17a8d57d1c1d3b748380fb20baa78cd"
